// !$*UTF8*$!
{
	archiveVersion = 1;
	classes = {
	};
	objectVersion = 55;
	objects = {

/* Begin PBXBuildFile section */
		25226AF12884DDE100EF3892 /* AppDelegate.swift in Sources */ = {isa = PBXBuildFile; fileRef = 25226AF02884DDE100EF3892 /* AppDelegate.swift */; };
		25226AF32884DDE100EF3892 /* SceneDelegate.swift in Sources */ = {isa = PBXBuildFile; fileRef = 25226AF22884DDE100EF3892 /* SceneDelegate.swift */; };
		25226AF52884DDE100EF3892 /* ViewController.swift in Sources */ = {isa = PBXBuildFile; fileRef = 25226AF42884DDE100EF3892 /* ViewController.swift */; };
		25226AF82884DDE100EF3892 /* Main.storyboard in Resources */ = {isa = PBXBuildFile; fileRef = 25226AF62884DDE100EF3892 /* Main.storyboard */; };
		25226AFA2884DDE200EF3892 /* Assets.xcassets in Resources */ = {isa = PBXBuildFile; fileRef = 25226AF92884DDE200EF3892 /* Assets.xcassets */; };
		25226AFD2884DDE200EF3892 /* LaunchScreen.storyboard in Resources */ = {isa = PBXBuildFile; fileRef = 25226AFB2884DDE200EF3892 /* LaunchScreen.storyboard */; };
		25226B052884F11000EF3892 /* Home.storyboard in Resources */ = {isa = PBXBuildFile; fileRef = 25226B042884F11000EF3892 /* Home.storyboard */; };
		25226B072884FE3D00EF3892 /* SettingTableViewController.swift in Sources */ = {isa = PBXBuildFile; fileRef = 25226B062884FE3D00EF3892 /* SettingTableViewController.swift */; };
		25226B0928850FD000EF3892 /* Setting.storyboard in Resources */ = {isa = PBXBuildFile; fileRef = 25226B0828850FD000EF3892 /* Setting.storyboard */; };
		25226B0B28853EE500EF3892 /* SettingModeTableViewController.swift in Sources */ = {isa = PBXBuildFile; fileRef = 25226B0A28853EE500EF3892 /* SettingModeTableViewController.swift */; };
		25296EC328864017007DAB01 /* Search.storyboard in Resources */ = {isa = PBXBuildFile; fileRef = 25296EC228864017007DAB01 /* Search.storyboard */; };
		25296EC52886404B007DAB01 /* Trend.storyboard in Resources */ = {isa = PBXBuildFile; fileRef = 25296EC42886404B007DAB01 /* Trend.storyboard */; };
		25296EC72886407B007DAB01 /* Intro.storyboard in Resources */ = {isa = PBXBuildFile; fileRef = 25296EC62886407B007DAB01 /* Intro.storyboard */; };
		25767A93288643FD007E7415 /* TrendViewController.swift in Sources */ = {isa = PBXBuildFile; fileRef = 25767A92288643FD007E7415 /* TrendViewController.swift */; };
		25767A9528864411007E7415 /* SearchViewController.swift in Sources */ = {isa = PBXBuildFile; fileRef = 25767A9428864411007E7415 /* SearchViewController.swift */; };
		25767A9728864531007E7415 /* UIViewController+Extension.swift in Sources */ = {isa = PBXBuildFile; fileRef = 25767A9628864531007E7415 /* UIViewController+Extension.swift */; };
		25767A992886478E007E7415 /* UITextField+Extension.swift in Sources */ = {isa = PBXBuildFile; fileRef = 25767A982886478E007E7415 /* UITextField+Extension.swift */; };
		25767A9B28864B9A007E7415 /* BucketlistTableViewController.swift in Sources */ = {isa = PBXBuildFile; fileRef = 25767A9A28864B9A007E7415 /* BucketlistTableViewController.swift */; };
		25767A9D28864D9B007E7415 /* BucketlistTableViewCell.swift in Sources */ = {isa = PBXBuildFile; fileRef = 25767A9C28864D9B007E7415 /* BucketlistTableViewCell.swift */; };
		25767AA328868201007E7415 /* Shopping.storyboard in Resources */ = {isa = PBXBuildFile; fileRef = 25767AA228868201007E7415 /* Shopping.storyboard */; };
		25767AA528868917007E7415 /* ShoppingListTableViewCell.swift in Sources */ = {isa = PBXBuildFile; fileRef = 25767AA428868917007E7415 /* ShoppingListTableViewCell.swift */; };
		25767AA728868932007E7415 /* ShoppingTableViewController.swift in Sources */ = {isa = PBXBuildFile; fileRef = 25767AA628868932007E7415 /* ShoppingTableViewController.swift */; };
/* End PBXBuildFile section */

/* Begin PBXFileReference section */
		25226AED2884DDE100EF3892 /* TrendMedia.app */ = {isa = PBXFileReference; explicitFileType = wrapper.application; includeInIndex = 0; path = TrendMedia.app; sourceTree = BUILT_PRODUCTS_DIR; };
		25226AF02884DDE100EF3892 /* AppDelegate.swift */ = {isa = PBXFileReference; lastKnownFileType = sourcecode.swift; path = AppDelegate.swift; sourceTree = "<group>"; };
		25226AF22884DDE100EF3892 /* SceneDelegate.swift */ = {isa = PBXFileReference; lastKnownFileType = sourcecode.swift; path = SceneDelegate.swift; sourceTree = "<group>"; };
		25226AF42884DDE100EF3892 /* ViewController.swift */ = {isa = PBXFileReference; lastKnownFileType = sourcecode.swift; path = ViewController.swift; sourceTree = "<group>"; };
		25226AF72884DDE100EF3892 /* Base */ = {isa = PBXFileReference; lastKnownFileType = file.storyboard; name = Base; path = Base.lproj/Main.storyboard; sourceTree = "<group>"; };
		25226AF92884DDE200EF3892 /* Assets.xcassets */ = {isa = PBXFileReference; lastKnownFileType = folder.assetcatalog; path = Assets.xcassets; sourceTree = "<group>"; };
		25226AFC2884DDE200EF3892 /* Base */ = {isa = PBXFileReference; lastKnownFileType = file.storyboard; name = Base; path = Base.lproj/LaunchScreen.storyboard; sourceTree = "<group>"; };
		25226AFE2884DDE200EF3892 /* Info.plist */ = {isa = PBXFileReference; lastKnownFileType = text.plist.xml; path = Info.plist; sourceTree = "<group>"; };
		25226B042884F11000EF3892 /* Home.storyboard */ = {isa = PBXFileReference; lastKnownFileType = file.storyboard; path = Home.storyboard; sourceTree = "<group>"; };
		25226B062884FE3D00EF3892 /* SettingTableViewController.swift */ = {isa = PBXFileReference; lastKnownFileType = sourcecode.swift; path = SettingTableViewController.swift; sourceTree = "<group>"; };
		25226B0828850FD000EF3892 /* Setting.storyboard */ = {isa = PBXFileReference; lastKnownFileType = file.storyboard; path = Setting.storyboard; sourceTree = "<group>"; };
		25226B0A28853EE500EF3892 /* SettingModeTableViewController.swift */ = {isa = PBXFileReference; lastKnownFileType = sourcecode.swift; path = SettingModeTableViewController.swift; sourceTree = "<group>"; };
		25296EC228864017007DAB01 /* Search.storyboard */ = {isa = PBXFileReference; lastKnownFileType = file.storyboard; path = Search.storyboard; sourceTree = "<group>"; };
		25296EC42886404B007DAB01 /* Trend.storyboard */ = {isa = PBXFileReference; lastKnownFileType = file.storyboard; path = Trend.storyboard; sourceTree = "<group>"; };
		25296EC62886407B007DAB01 /* Intro.storyboard */ = {isa = PBXFileReference; lastKnownFileType = file.storyboard; path = Intro.storyboard; sourceTree = "<group>"; };
		25767A92288643FD007E7415 /* TrendViewController.swift */ = {isa = PBXFileReference; lastKnownFileType = sourcecode.swift; path = TrendViewController.swift; sourceTree = "<group>"; };
		25767A9428864411007E7415 /* SearchViewController.swift */ = {isa = PBXFileReference; lastKnownFileType = sourcecode.swift; path = SearchViewController.swift; sourceTree = "<group>"; };
		25767A9628864531007E7415 /* UIViewController+Extension.swift */ = {isa = PBXFileReference; lastKnownFileType = sourcecode.swift; path = "UIViewController+Extension.swift"; sourceTree = "<group>"; };
		25767A982886478E007E7415 /* UITextField+Extension.swift */ = {isa = PBXFileReference; lastKnownFileType = sourcecode.swift; path = "UITextField+Extension.swift"; sourceTree = "<group>"; };
		25767A9A28864B9A007E7415 /* BucketlistTableViewController.swift */ = {isa = PBXFileReference; lastKnownFileType = sourcecode.swift; path = BucketlistTableViewController.swift; sourceTree = "<group>"; };
		25767A9C28864D9B007E7415 /* BucketlistTableViewCell.swift */ = {isa = PBXFileReference; lastKnownFileType = sourcecode.swift; path = BucketlistTableViewCell.swift; sourceTree = "<group>"; };
		25767AA228868201007E7415 /* Shopping.storyboard */ = {isa = PBXFileReference; lastKnownFileType = file.storyboard; path = Shopping.storyboard; sourceTree = "<group>"; };
		25767AA428868917007E7415 /* ShoppingListTableViewCell.swift */ = {isa = PBXFileReference; lastKnownFileType = sourcecode.swift; path = ShoppingListTableViewCell.swift; sourceTree = "<group>"; };
		25767AA628868932007E7415 /* ShoppingTableViewController.swift */ = {isa = PBXFileReference; lastKnownFileType = sourcecode.swift; path = ShoppingTableViewController.swift; sourceTree = "<group>"; };
/* End PBXFileReference section */

/* Begin PBXFrameworksBuildPhase section */
		25226AEA2884DDE100EF3892 /* Frameworks */ = {
			isa = PBXFrameworksBuildPhase;
			buildActionMask = 2147483647;
			files = (
			);
			runOnlyForDeploymentPostprocessing = 0;
		};
/* End PBXFrameworksBuildPhase section */

/* Begin PBXGroup section */
		25226AE42884DDE100EF3892 = {
			isa = PBXGroup;
			children = (
				25226AEF2884DDE100EF3892 /* TrendMedia */,
				25226AEE2884DDE100EF3892 /* Products */,
			);
			sourceTree = "<group>";
		};
		25226AEE2884DDE100EF3892 /* Products */ = {
			isa = PBXGroup;
			children = (
				25226AED2884DDE100EF3892 /* TrendMedia.app */,
			);
			name = Products;
			sourceTree = "<group>";
		};
		25226AEF2884DDE100EF3892 /* TrendMedia */ = {
			isa = PBXGroup;
			children = (
				25226AF02884DDE100EF3892 /* AppDelegate.swift */,
				25226AF22884DDE100EF3892 /* SceneDelegate.swift */,
				25226AF42884DDE100EF3892 /* ViewController.swift */,
				25226AF62884DDE100EF3892 /* Main.storyboard */,
				25767AA1288681DE007E7415 /* Shopping */,
				25767A9E288680EB007E7415 /* Home */,
				25767A9F28868111007E7415 /* New Group */,
				25226AF92884DDE200EF3892 /* Assets.xcassets */,
				25226AFB2884DDE200EF3892 /* LaunchScreen.storyboard */,
				25226AFE2884DDE200EF3892 /* Info.plist */,
			);
			path = TrendMedia;
			sourceTree = "<group>";
		};
		25767A9E288680EB007E7415 /* Home */ = {
			isa = PBXGroup;
			children = (
				25226B042884F11000EF3892 /* Home.storyboard */,
				25226B062884FE3D00EF3892 /* SettingTableViewController.swift */,
			);
			path = Home;
			sourceTree = "<group>";
		};
		25767A9F28868111007E7415 /* New Group */ = {
			isa = PBXGroup;
			children = (
				25296EC62886407B007DAB01 /* Intro.storyboard */,
				25296EC42886404B007DAB01 /* Trend.storyboard */,
				25296EC228864017007DAB01 /* Search.storyboard */,
				25226B0828850FD000EF3892 /* Setting.storyboard */,
				25767A92288643FD007E7415 /* TrendViewController.swift */,
				25226B0A28853EE500EF3892 /* SettingModeTableViewController.swift */,
				25767A9A28864B9A007E7415 /* BucketlistTableViewController.swift */,
				25767A9C28864D9B007E7415 /* BucketlistTableViewCell.swift */,
				25767A9628864531007E7415 /* UIViewController+Extension.swift */,
				25767A982886478E007E7415 /* UITextField+Extension.swift */,
				25767A9428864411007E7415 /* SearchViewController.swift */,
			);
			path = "New Group";
			sourceTree = "<group>";
		};
		25767AA1288681DE007E7415 /* Shopping */ = {
			isa = PBXGroup;
			children = (
				25767AA228868201007E7415 /* Shopping.storyboard */,
				25767AA628868932007E7415 /* ShoppingTableViewController.swift */,
				25767AA428868917007E7415 /* ShoppingListTableViewCell.swift */,
			);
			path = Shopping;
			sourceTree = "<group>";
		};
/* End PBXGroup section */

/* Begin PBXNativeTarget section */
		25226AEC2884DDE100EF3892 /* TrendMedia */ = {
			isa = PBXNativeTarget;
			buildConfigurationList = 25226B012884DDE200EF3892 /* Build configuration list for PBXNativeTarget "TrendMedia" */;
			buildPhases = (
				25226AE92884DDE100EF3892 /* Sources */,
				25226AEA2884DDE100EF3892 /* Frameworks */,
				25226AEB2884DDE100EF3892 /* Resources */,
			);
			buildRules = (
			);
			dependencies = (
			);
			name = TrendMedia;
			productName = TrendMedia;
			productReference = 25226AED2884DDE100EF3892 /* TrendMedia.app */;
			productType = "com.apple.product-type.application";
		};
/* End PBXNativeTarget section */

/* Begin PBXProject section */
		25226AE52884DDE100EF3892 /* Project object */ = {
			isa = PBXProject;
			attributes = {
				BuildIndependentTargetsInParallel = 1;
				LastSwiftUpdateCheck = 1340;
				LastUpgradeCheck = 1340;
				TargetAttributes = {
					25226AEC2884DDE100EF3892 = {
						CreatedOnToolsVersion = 13.4.1;
					};
				};
			};
			buildConfigurationList = 25226AE82884DDE100EF3892 /* Build configuration list for PBXProject "TrendMedia" */;
			compatibilityVersion = "Xcode 13.0";
			developmentRegion = en;
			hasScannedForEncodings = 0;
			knownRegions = (
				en,
				Base,
			);
			mainGroup = 25226AE42884DDE100EF3892;
			productRefGroup = 25226AEE2884DDE100EF3892 /* Products */;
			projectDirPath = "";
			projectRoot = "";
			targets = (
				25226AEC2884DDE100EF3892 /* TrendMedia */,
			);
		};
/* End PBXProject section */

/* Begin PBXResourcesBuildPhase section */
		25226AEB2884DDE100EF3892 /* Resources */ = {
			isa = PBXResourcesBuildPhase;
			buildActionMask = 2147483647;
			files = (
				25296EC52886404B007DAB01 /* Trend.storyboard in Resources */,
				25226AFD2884DDE200EF3892 /* LaunchScreen.storyboard in Resources */,
				25226AFA2884DDE200EF3892 /* Assets.xcassets in Resources */,
				25296EC72886407B007DAB01 /* Intro.storyboard in Resources */,
				25226B0928850FD000EF3892 /* Setting.storyboard in Resources */,
				25226AF82884DDE100EF3892 /* Main.storyboard in Resources */,
				25767AA328868201007E7415 /* Shopping.storyboard in Resources */,
				25296EC328864017007DAB01 /* Search.storyboard in Resources */,
				25226B052884F11000EF3892 /* Home.storyboard in Resources */,
			);
			runOnlyForDeploymentPostprocessing = 0;
		};
/* End PBXResourcesBuildPhase section */

/* Begin PBXSourcesBuildPhase section */
		25226AE92884DDE100EF3892 /* Sources */ = {
			isa = PBXSourcesBuildPhase;
			buildActionMask = 2147483647;
			files = (
				25767A992886478E007E7415 /* UITextField+Extension.swift in Sources */,
				25767A9728864531007E7415 /* UIViewController+Extension.swift in Sources */,
				25226B0B28853EE500EF3892 /* SettingModeTableViewController.swift in Sources */,
				25767A9528864411007E7415 /* SearchViewController.swift in Sources */,
				25226B072884FE3D00EF3892 /* SettingTableViewController.swift in Sources */,
				25226AF52884DDE100EF3892 /* ViewController.swift in Sources */,
				25767AA728868932007E7415 /* ShoppingTableViewController.swift in Sources */,
				25226AF12884DDE100EF3892 /* AppDelegate.swift in Sources */,
				25767A9B28864B9A007E7415 /* BucketlistTableViewController.swift in Sources */,
				25767A93288643FD007E7415 /* TrendViewController.swift in Sources */,
				25767AA528868917007E7415 /* ShoppingListTableViewCell.swift in Sources */,
				25767A9D28864D9B007E7415 /* BucketlistTableViewCell.swift in Sources */,
				25226AF32884DDE100EF3892 /* SceneDelegate.swift in Sources */,
			);
			runOnlyForDeploymentPostprocessing = 0;
		};
/* End PBXSourcesBuildPhase section */

/* Begin PBXVariantGroup section */
		25226AF62884DDE100EF3892 /* Main.storyboard */ = {
			isa = PBXVariantGroup;
			children = (
				25226AF72884DDE100EF3892 /* Base */,
			);
			name = Main.storyboard;
			sourceTree = "<group>";
		};
		25226AFB2884DDE200EF3892 /* LaunchScreen.storyboard */ = {
			isa = PBXVariantGroup;
			children = (
				25226AFC2884DDE200EF3892 /* Base */,
			);
			name = LaunchScreen.storyboard;
			sourceTree = "<group>";
		};
/* End PBXVariantGroup section */

/* Begin XCBuildConfiguration section */
		25226AFF2884DDE200EF3892 /* Debug */ = {
			isa = XCBuildConfiguration;
			buildSettings = {
				ALWAYS_SEARCH_USER_PATHS = NO;
				CLANG_ANALYZER_NONNULL = YES;
				CLANG_ANALYZER_NUMBER_OBJECT_CONVERSION = YES_AGGRESSIVE;
				CLANG_CXX_LANGUAGE_STANDARD = "gnu++17";
				CLANG_ENABLE_MODULES = YES;
				CLANG_ENABLE_OBJC_ARC = YES;
				CLANG_ENABLE_OBJC_WEAK = YES;
				CLANG_WARN_BLOCK_CAPTURE_AUTORELEASING = YES;
				CLANG_WARN_BOOL_CONVERSION = YES;
				CLANG_WARN_COMMA = YES;
				CLANG_WARN_CONSTANT_CONVERSION = YES;
				CLANG_WARN_DEPRECATED_OBJC_IMPLEMENTATIONS = YES;
				CLANG_WARN_DIRECT_OBJC_ISA_USAGE = YES_ERROR;
				CLANG_WARN_DOCUMENTATION_COMMENTS = YES;
				CLANG_WARN_EMPTY_BODY = YES;
				CLANG_WARN_ENUM_CONVERSION = YES;
				CLANG_WARN_INFINITE_RECURSION = YES;
				CLANG_WARN_INT_CONVERSION = YES;
				CLANG_WARN_NON_LITERAL_NULL_CONVERSION = YES;
				CLANG_WARN_OBJC_IMPLICIT_RETAIN_SELF = YES;
				CLANG_WARN_OBJC_LITERAL_CONVERSION = YES;
				CLANG_WARN_OBJC_ROOT_CLASS = YES_ERROR;
				CLANG_WARN_QUOTED_INCLUDE_IN_FRAMEWORK_HEADER = YES;
				CLANG_WARN_RANGE_LOOP_ANALYSIS = YES;
				CLANG_WARN_STRICT_PROTOTYPES = YES;
				CLANG_WARN_SUSPICIOUS_MOVE = YES;
				CLANG_WARN_UNGUARDED_AVAILABILITY = YES_AGGRESSIVE;
				CLANG_WARN_UNREACHABLE_CODE = YES;
				CLANG_WARN__DUPLICATE_METHOD_MATCH = YES;
				COPY_PHASE_STRIP = NO;
				DEBUG_INFORMATION_FORMAT = dwarf;
				ENABLE_STRICT_OBJC_MSGSEND = YES;
				ENABLE_TESTABILITY = YES;
				GCC_C_LANGUAGE_STANDARD = gnu11;
				GCC_DYNAMIC_NO_PIC = NO;
				GCC_NO_COMMON_BLOCKS = YES;
				GCC_OPTIMIZATION_LEVEL = 0;
				GCC_PREPROCESSOR_DEFINITIONS = (
					"DEBUG=1",
					"$(inherited)",
				);
				GCC_WARN_64_TO_32_BIT_CONVERSION = YES;
				GCC_WARN_ABOUT_RETURN_TYPE = YES_ERROR;
				GCC_WARN_UNDECLARED_SELECTOR = YES;
				GCC_WARN_UNINITIALIZED_AUTOS = YES_AGGRESSIVE;
				GCC_WARN_UNUSED_FUNCTION = YES;
				GCC_WARN_UNUSED_VARIABLE = YES;
				IPHONEOS_DEPLOYMENT_TARGET = 15.5;
				MTL_ENABLE_DEBUG_INFO = INCLUDE_SOURCE;
				MTL_FAST_MATH = YES;
				ONLY_ACTIVE_ARCH = YES;
				SDKROOT = iphoneos;
				SWIFT_ACTIVE_COMPILATION_CONDITIONS = DEBUG;
				SWIFT_OPTIMIZATION_LEVEL = "-Onone";
			};
			name = Debug;
		};
		25226B002884DDE200EF3892 /* Release */ = {
			isa = XCBuildConfiguration;
			buildSettings = {
				ALWAYS_SEARCH_USER_PATHS = NO;
				CLANG_ANALYZER_NONNULL = YES;
				CLANG_ANALYZER_NUMBER_OBJECT_CONVERSION = YES_AGGRESSIVE;
				CLANG_CXX_LANGUAGE_STANDARD = "gnu++17";
				CLANG_ENABLE_MODULES = YES;
				CLANG_ENABLE_OBJC_ARC = YES;
				CLANG_ENABLE_OBJC_WEAK = YES;
				CLANG_WARN_BLOCK_CAPTURE_AUTORELEASING = YES;
				CLANG_WARN_BOOL_CONVERSION = YES;
				CLANG_WARN_COMMA = YES;
				CLANG_WARN_CONSTANT_CONVERSION = YES;
				CLANG_WARN_DEPRECATED_OBJC_IMPLEMENTATIONS = YES;
				CLANG_WARN_DIRECT_OBJC_ISA_USAGE = YES_ERROR;
				CLANG_WARN_DOCUMENTATION_COMMENTS = YES;
				CLANG_WARN_EMPTY_BODY = YES;
				CLANG_WARN_ENUM_CONVERSION = YES;
				CLANG_WARN_INFINITE_RECURSION = YES;
				CLANG_WARN_INT_CONVERSION = YES;
				CLANG_WARN_NON_LITERAL_NULL_CONVERSION = YES;
				CLANG_WARN_OBJC_IMPLICIT_RETAIN_SELF = YES;
				CLANG_WARN_OBJC_LITERAL_CONVERSION = YES;
				CLANG_WARN_OBJC_ROOT_CLASS = YES_ERROR;
				CLANG_WARN_QUOTED_INCLUDE_IN_FRAMEWORK_HEADER = YES;
				CLANG_WARN_RANGE_LOOP_ANALYSIS = YES;
				CLANG_WARN_STRICT_PROTOTYPES = YES;
				CLANG_WARN_SUSPICIOUS_MOVE = YES;
				CLANG_WARN_UNGUARDED_AVAILABILITY = YES_AGGRESSIVE;
				CLANG_WARN_UNREACHABLE_CODE = YES;
				CLANG_WARN__DUPLICATE_METHOD_MATCH = YES;
				COPY_PHASE_STRIP = NO;
				DEBUG_INFORMATION_FORMAT = "dwarf-with-dsym";
				ENABLE_NS_ASSERTIONS = NO;
				ENABLE_STRICT_OBJC_MSGSEND = YES;
				GCC_C_LANGUAGE_STANDARD = gnu11;
				GCC_NO_COMMON_BLOCKS = YES;
				GCC_WARN_64_TO_32_BIT_CONVERSION = YES;
				GCC_WARN_ABOUT_RETURN_TYPE = YES_ERROR;
				GCC_WARN_UNDECLARED_SELECTOR = YES;
				GCC_WARN_UNINITIALIZED_AUTOS = YES_AGGRESSIVE;
				GCC_WARN_UNUSED_FUNCTION = YES;
				GCC_WARN_UNUSED_VARIABLE = YES;
				IPHONEOS_DEPLOYMENT_TARGET = 15.5;
				MTL_ENABLE_DEBUG_INFO = NO;
				MTL_FAST_MATH = YES;
				SDKROOT = iphoneos;
				SWIFT_COMPILATION_MODE = wholemodule;
				SWIFT_OPTIMIZATION_LEVEL = "-O";
				VALIDATE_PRODUCT = YES;
			};
			name = Release;
		};
		25226B022884DDE200EF3892 /* Debug */ = {
			isa = XCBuildConfiguration;
			buildSettings = {
				ASSETCATALOG_COMPILER_APPICON_NAME = AppIcon;
				ASSETCATALOG_COMPILER_GLOBAL_ACCENT_COLOR_NAME = AccentColor;
				CODE_SIGN_STYLE = Automatic;
				CURRENT_PROJECT_VERSION = 1;
				DEVELOPMENT_TEAM = RFHV927M8S;
				GENERATE_INFOPLIST_FILE = YES;
				INFOPLIST_FILE = TrendMedia/Info.plist;
				INFOPLIST_KEY_UIApplicationSupportsIndirectInputEvents = YES;
				INFOPLIST_KEY_UILaunchStoryboardName = LaunchScreen;
				INFOPLIST_KEY_UIMainStoryboardFile = Shopping;
				INFOPLIST_KEY_UISupportedInterfaceOrientations = UIInterfaceOrientationPortrait;
				INFOPLIST_KEY_UISupportedInterfaceOrientations_iPad = "UIInterfaceOrientationPortrait UIInterfaceOrientationPortraitUpsideDown UIInterfaceOrientationLandscapeLeft UIInterfaceOrientationLandscapeRight";
				INFOPLIST_KEY_UISupportedInterfaceOrientations_iPhone = "UIInterfaceOrientationPortrait UIInterfaceOrientationLandscapeLeft UIInterfaceOrientationLandscapeRight";
				LD_RUNPATH_SEARCH_PATHS = (
					"$(inherited)",
					"@executable_path/Frameworks",
				);
				MARKETING_VERSION = 1.0;
				PRODUCT_BUNDLE_IDENTIFIER = com.jaehoon.TrendMedia;
				PRODUCT_NAME = "$(TARGET_NAME)";
				SWIFT_EMIT_LOC_STRINGS = YES;
				SWIFT_VERSION = 5.0;
				TARGETED_DEVICE_FAMILY = "1,2";
			};
			name = Debug;
		};
		25226B032884DDE200EF3892 /* Release */ = {
			isa = XCBuildConfiguration;
			buildSettings = {
				ASSETCATALOG_COMPILER_APPICON_NAME = AppIcon;
				ASSETCATALOG_COMPILER_GLOBAL_ACCENT_COLOR_NAME = AccentColor;
				CODE_SIGN_STYLE = Automatic;
				CURRENT_PROJECT_VERSION = 1;
				DEVELOPMENT_TEAM = RFHV927M8S;
				GENERATE_INFOPLIST_FILE = YES;
				INFOPLIST_FILE = TrendMedia/Info.plist;
				INFOPLIST_KEY_UIApplicationSupportsIndirectInputEvents = YES;
				INFOPLIST_KEY_UILaunchStoryboardName = LaunchScreen;
				INFOPLIST_KEY_UIMainStoryboardFile = Shopping;
				INFOPLIST_KEY_UISupportedInterfaceOrientations = UIInterfaceOrientationPortrait;
				INFOPLIST_KEY_UISupportedInterfaceOrientations_iPad = "UIInterfaceOrientationPortrait UIInterfaceOrientationPortraitUpsideDown UIInterfaceOrientationLandscapeLeft UIInterfaceOrientationLandscapeRight";
				INFOPLIST_KEY_UISupportedInterfaceOrientations_iPhone = "UIInterfaceOrientationPortrait UIInterfaceOrientationLandscapeLeft UIInterfaceOrientationLandscapeRight";
				LD_RUNPATH_SEARCH_PATHS = (
					"$(inherited)",
					"@executable_path/Frameworks",
				);
				MARKETING_VERSION = 1.0;
				PRODUCT_BUNDLE_IDENTIFIER = com.jaehoon.TrendMedia;
				PRODUCT_NAME = "$(TARGET_NAME)";
				SWIFT_EMIT_LOC_STRINGS = YES;
				SWIFT_VERSION = 5.0;
				TARGETED_DEVICE_FAMILY = "1,2";
			};
			name = Release;
		};
/* End XCBuildConfiguration section */

/* Begin XCConfigurationList section */
		25226AE82884DDE100EF3892 /* Build configuration list for PBXProject "TrendMedia" */ = {
			isa = XCConfigurationList;
			buildConfigurations = (
				25226AFF2884DDE200EF3892 /* Debug */,
				25226B002884DDE200EF3892 /* Release */,
			);
			defaultConfigurationIsVisible = 0;
			defaultConfigurationName = Release;
		};
		25226B012884DDE200EF3892 /* Build configuration list for PBXNativeTarget "TrendMedia" */ = {
			isa = XCConfigurationList;
			buildConfigurations = (
				25226B022884DDE200EF3892 /* Debug */,
				25226B032884DDE200EF3892 /* Release */,
			);
			defaultConfigurationIsVisible = 0;
			defaultConfigurationName = Release;
		};
/* End XCConfigurationList section */
	};
	rootObject = 25226AE52884DDE100EF3892 /* Project object */;
}
